
Microsoft Visual Studio Solution File, Format Version 12.00
# Visual Studio 2017
Project("{FAE04EC0-301F-11D3-BF4B-00C04F79EFBC}") = "AS3ProtoBuf_Unity", "AS3ProtoBuf_Unity.csproj", "{26F208BB-2D90-B1CE-ED24-AACB6DAAD51D}"
EndProject
Project("{FAE04EC0-301F-11D3-BF4B-00C04F79EFBC}") = "HotFixProto", "..\HotFixProto\HotFixProto.csproj", "{F5A045B0-72C8-4546-811C-D6431E283AF9}"
EndProject
Global
	GlobalSection(SolutionConfigurationPlatforms) = preSolution
		Debug|Any CPU = Debug|Any CPU
		Release|Any CPU = Release|Any CPU
	EndGlobalSection
	GlobalSection(ProjectConfigurationPlatforms) = postSolution
		{26F208BB-2D90-B1CE-ED24-AACB6DAAD51D}.Debug|Any CPU.ActiveCfg = Debug|Any CPU
		{26F208BB-2D90-B1CE-ED24-AACB6DAAD51D}.Debug|Any CPU.Build.0 = Debug|Any CPU
		{26F208BB-2D90-B1CE-ED24-AACB6DAAD51D}.Release|Any CPU.ActiveCfg = Release|Any CPU
		{26F208BB-2D90-B1CE-ED24-AACB6DAAD51D}.Release|Any CPU.Build.0 = Release|Any CPU
		{F5A045B0-72C8-4546-811C-D6431E283AF9}.Debug|Any CPU.ActiveCfg = Debug|Any CPU
		{F5A045B0-72C8-4546-811C-D6431E283AF9}.Debug|Any CPU.Build.0 = Debug|Any CPU
		{F5A045B0-72C8-4546-811C-D6431E283AF9}.Release|Any CPU.ActiveCfg = Release|Any CPU
		{F5A045B0-72C8-4546-811C-D6431E283AF9}.Release|Any CPU.Build.0 = Release|Any CPU
	EndGlobalSection
	GlobalSection(SolutionProperties) = preSolution
		HideSolutionNode = FALSE
	EndGlobalSection
EndGlobal
